{
  "name": "nodejs-hono-rate-limit",
  "version": "0.1.0",
  "lockfileVersion": 3,
  "requires": true,
  "packages": {
    "": {
      "dependencies": {
        "@arcjet/node": "file:../../arcjet-node",
        "@hono/node-server": "^1.18.1",
        "hono": "^4.8.12"
      },
      "devDependencies": {
        "@types/node": "^20",
        "typescript": "^5"
      }
    },
    "../../arcjet-node": {
      "name": "@arcjet/node",
      "version": "1.0.0-beta.9",
      "license": "Apache-2.0",
      "dependencies": {
        "@arcjet/body": "1.0.0-beta.9",
        "@arcjet/env": "1.0.0-beta.9",
        "@arcjet/headers": "1.0.0-beta.9",
        "@arcjet/ip": "1.0.0-beta.9",
        "@arcjet/logger": "1.0.0-beta.9",
        "@arcjet/protocol": "1.0.0-beta.9",
        "@arcjet/transport": "1.0.0-beta.9",
        "arcjet": "1.0.0-beta.9"
      },
      "devDependencies": {
        "@arcjet/eslint-config": "1.0.0-beta.9",
        "@arcjet/rollup-config": "1.0.0-beta.9",
        "@arcjet/tsconfig": "1.0.0-beta.9",
        "@rollup/wasm-node": "4.46.2",
        "@types/node": "18.18.0",
        "eslint": "9.32.0",
        "typescript": "5.9.2"
      },
      "engines": {
        "node": ">=18"
      }
    },
    "node_modules/@arcjet/node": {
      "resolved": "../../arcjet-node",
      "link": true
    },
    "node_modules/@hono/node-server": {
      "version": "1.18.1",
      "resolved": "https://registry.npmjs.org/@hono/node-server/-/node-server-1.18.1.tgz",
      "integrity": "sha512-O3puG/b7owYYmoQ2XPBf3SxBz6Dhk5VmWFhbaBU8/5wcUaXUPS0goxaI2Zfyg+Cu14ILJHEU7IFRw7miFxuXxg==",
      "license": "MIT",
      "engines": {
        "node": ">=18.14.1"
      },
      "peerDependencies": {
        "hono": "^4"
      }
    },
    "node_modules/@types/node": {
      "version": "20.12.12",
      "resolved": "https://registry.npmjs.org/@types/node/-/node-20.12.12.tgz",
      "integrity": "sha512-eWLDGF/FOSPtAvEqeRAQ4C8LSA7M1I7i0ky1I8U7kD1J5ITyW3AsRhQrKVoWf5pFKZ2kILsEGJhsI9r93PYnOw==",
      "dev": true,
      "dependencies": {
        "undici-types": "~5.26.4"
      }
    },
    "node_modules/hono": {
      "version": "4.8.12",
      "resolved": "https://registry.npmjs.org/hono/-/hono-4.8.12.tgz",
      "integrity": "sha512-MQSKk1Mg7b74k8l+A025LfysnLtXDKkE4pLaSsYRQC5iy85lgZnuyeQ1Wynair9mmECzoLu+FtJtqNZSoogBDQ==",
      "license": "MIT",
      "engines": {
        "node": ">=16.9.0"
      }
    },
    "node_modules/typescript": {
      "version": "5.4.5",
      "resolved": "https://registry.npmjs.org/typescript/-/typescript-5.4.5.tgz",
      "integrity": "sha512-vcI4UpRgg81oIRUFwR0WSIHKt11nJ7SAVlYNIu+QpqeyXP+gpQJy/Z4+F0aGxSE4MqwjyXvW/TzgkLAx2AGHwQ==",
      "dev": true,
      "bin": {
        "tsc": "bin/tsc",
        "tsserver": "bin/tsserver"
      },
      "engines": {
        "node": ">=14.17"
      }
    },
    "node_modules/undici-types": {
      "version": "5.26.5",
      "resolved": "https://registry.npmjs.org/undici-types/-/undici-types-5.26.5.tgz",
      "integrity": "sha512-JlCMO+ehdEIKqlFxk6IfVoAUVmgz7cU7zD/h9XZ0qzeosSHmUJVOzSQvvYSYWXkFXC+IfLKSIffhv0sVZup6pA==",
      "dev": true
    }
  }
}
