{
  "name": "nodejs-rate-limit",
  "lockfileVersion": 3,
  "requires": true,
  "packages": {
    "": {
      "dependencies": {
        "@arcjet/node": "../../arcjet-node",
        "nosecone": "../../nosecone"
      },
      "devDependencies": {
        "@types/node": "^24.0.0",
        "typescript": "^5"
      }
    },
    "../../arcjet-node": {
      "name": "@arcjet/node",
      "version": "1.0.0-beta.13",
      "license": "Apache-2.0",
      "dependencies": {
        "@arcjet/body": "1.0.0-beta.13",
        "@arcjet/env": "1.0.0-beta.13",
        "@arcjet/headers": "1.0.0-beta.13",
        "@arcjet/ip": "1.0.0-beta.13",
        "@arcjet/logger": "1.0.0-beta.13",
        "@arcjet/protocol": "1.0.0-beta.13",
        "@arcjet/transport": "1.0.0-beta.13",
        "arcjet": "1.0.0-beta.13"
      },
      "devDependencies": {
        "@arcjet/eslint-config": "1.0.0-beta.13",
        "@arcjet/rollup-config": "1.0.0-beta.13",
        "@rollup/wasm-node": "4.52.3",
        "@types/node": "24.6.0",
        "eslint": "9.36.0",
        "typescript": "5.9.2"
      },
      "engines": {
        "node": ">=18"
      }
    },
    "../../nosecone": {
      "version": "1.0.0-beta.13",
      "license": "Apache-2.0",
      "devDependencies": {
        "@arcjet/eslint-config": "1.0.0-beta.13",
        "@arcjet/rollup-config": "1.0.0-beta.13",
        "@rollup/wasm-node": "4.52.3",
        "@types/node": "24.6.0",
        "eslint": "9.36.0",
        "typescript": "5.9.2"
      },
      "engines": {
        "node": ">=18"
      }
    },
    "node_modules/@arcjet/node": {
      "resolved": "../../arcjet-node",
      "link": true
    },
    "node_modules/@types/node": {
      "version": "24.7.0",
      "resolved": "https://registry.npmjs.org/@types/node/-/node-24.7.0.tgz",
      "integrity": "sha512-IbKooQVqUBrlzWTi79E8Fw78l8k1RNtlDDNWsFZs7XonuQSJ8oNYfEeclhprUldXISRMLzBpILuKgPlIxm+/Yw==",
      "dev": true,
      "license": "MIT",
      "dependencies": {
        "undici-types": "~7.14.0"
      }
    },
    "node_modules/nosecone": {
      "resolved": "../../nosecone",
      "link": true
    },
    "node_modules/typescript": {
      "version": "5.9.3",
      "resolved": "https://registry.npmjs.org/typescript/-/typescript-5.9.3.tgz",
      "integrity": "sha512-jl1vZzPDinLr9eUt3J/t7V6FgNEw9QjvBPdysz9KfQDD41fQrC2Y4vKQdiaUpFT4bXlb1RHhLpp8wtm6M5TgSw==",
      "dev": true,
      "license": "Apache-2.0",
      "bin": {
        "tsc": "bin/tsc",
        "tsserver": "bin/tsserver"
      },
      "engines": {
        "node": ">=14.17"
      }
    },
    "node_modules/undici-types": {
      "version": "7.14.0",
      "resolved": "https://registry.npmjs.org/undici-types/-/undici-types-7.14.0.tgz",
      "integrity": "sha512-QQiYxHuyZ9gQUIrmPo3IA+hUl4KYk8uSA7cHrcKd/l3p1OTpZcM0Tbp9x7FAtXdAYhlasd60ncPpgu6ihG6TOA==",
      "dev": true,
      "license": "MIT"
    }
  }
}
