{
  "name": "nodejs-rate-limit",
  "lockfileVersion": 3,
  "requires": true,
  "packages": {
    "": {
      "dependencies": {
        "@arcjet/node": "../../arcjet-node",
        "nosecone": "../../nosecone"
      },
      "devDependencies": {
        "@types/node": "^24.0.0",
        "typescript": "^5"
      }
    },
    "../../arcjet-node": {
      "name": "@arcjet/node",
      "version": "1.1.0",
      "license": "Apache-2.0",
      "dependencies": {
        "@arcjet/body": "1.1.0",
        "@arcjet/env": "1.1.0",
        "@arcjet/headers": "1.1.0",
        "@arcjet/ip": "1.1.0",
        "@arcjet/logger": "1.1.0",
        "@arcjet/protocol": "1.1.0",
        "@arcjet/transport": "1.1.0",
        "arcjet": "1.1.0"
      },
      "devDependencies": {
        "@arcjet/cache": "1.1.0",
        "@arcjet/eslint-config": "1.1.0",
        "@arcjet/rollup-config": "1.1.0",
        "@rollup/wasm-node": "4.57.0",
        "@types/node": "25.1.0",
        "eslint": "9.39.2",
        "typescript": "5.9.3"
      },
      "engines": {
        "node": ">=20"
      }
    },
    "../../nosecone": {
      "version": "1.1.0",
      "license": "Apache-2.0",
      "devDependencies": {
        "@arcjet/eslint-config": "1.1.0",
        "@arcjet/rollup-config": "1.1.0",
        "@rollup/wasm-node": "4.57.0",
        "@types/node": "25.1.0",
        "eslint": "9.39.2",
        "typescript": "5.9.3"
      },
      "engines": {
        "node": ">=20"
      }
    },
    "node_modules/@arcjet/node": {
      "resolved": "../../arcjet-node",
      "link": true
    },
    "node_modules/@types/node": {
      "version": "24.2.0",
      "resolved": "https://registry.npmjs.org/@types/node/-/node-24.2.0.tgz",
      "integrity": "sha512-3xyG3pMCq3oYCNg7/ZP+E1ooTaGB4cG8JWRsqqOYQdbWNY4zbaV0Ennrd7stjiJEFZCaybcIgpTjJWHRfBSIDw==",
      "dev": true,
      "license": "MIT",
      "dependencies": {
        "undici-types": "~7.10.0"
      }
    },
    "node_modules/nosecone": {
      "resolved": "../../nosecone",
      "link": true
    },
    "node_modules/typescript": {
      "version": "5.7.2",
      "resolved": "https://registry.npmjs.org/typescript/-/typescript-5.7.2.tgz",
      "integrity": "sha512-i5t66RHxDvVN40HfDd1PsEThGNnlMCMT3jMUuoh9/0TaqWevNontacunWyN02LA9/fIbEWlcHZcgTKb9QoaLfg==",
      "dev": true,
      "license": "Apache-2.0",
      "bin": {
        "tsc": "bin/tsc",
        "tsserver": "bin/tsserver"
      },
      "engines": {
        "node": ">=14.17"
      }
    },
    "node_modules/undici-types": {
      "version": "7.10.0",
      "resolved": "https://registry.npmjs.org/undici-types/-/undici-types-7.10.0.tgz",
      "integrity": "sha512-t5Fy/nfn+14LuOc2KNYg75vZqClpAiqscVvMygNnlsHBFpSXdJaYtXMcdNLpl/Qvc3P2cB3s6lOV51nqsFq4ag==",
      "dev": true,
      "license": "MIT"
    }
  }
}
