{
  "name": "example-node-guard-policy",
  "version": "0.1.0",
  "lockfileVersion": 3,
  "requires": true,
  "packages": {
    "": {
      "name": "example-node-guard-policy",
      "version": "0.1.0",
      "dependencies": {
        "@arcjet/guard": "file:../../arcjet-guard",
        "@arcjet/sensitive-info-rampart": "file:../../sensitive-info-rampart"
      },
      "devDependencies": {
        "@types/node": "^24.10.9",
        "typescript": "^5"
      }
    },
    "../../arcjet-guard": {
      "name": "@arcjet/guard",
      "version": "1.9.1",
      "license": "Apache-2.0",
      "dependencies": {
        "@arcjet/analyze": "1.9.1",
        "@arcjet/logger": "1.9.1",
        "@bufbuild/protobuf": "2.12.1",
        "@connectrpc/connect": "2.1.2",
        "@connectrpc/connect-node": "2.1.2",
        "@connectrpc/connect-web": "2.1.2"
      },
      "devDependencies": {
        "@ai-sdk/provider-utils": "5.0.12",
        "@types/node": "22.20.1",
        "ai": "7.0.36",
        "miniflare": "4.20260708.1",
        "oxlint-tsgolint": "0.24.0",
        "tsdown": "0.22.7",
        "typescript": "7.0.2"
      },
      "engines": {
        "node": ">=22.21.0 <23 || >=24.5.0"
      },
      "peerDependencies": {
        "@ai-sdk/provider-utils": ">=5 <6",
        "ai": ">=7 <8"
      },
      "peerDependenciesMeta": {
        "@ai-sdk/provider-utils": {
          "optional": true
        },
        "ai": {
          "optional": true
        }
      }
    },
    "../../sensitive-info-rampart": {
      "name": "@arcjet/sensitive-info-rampart",
      "version": "1.9.1",
      "license": "Apache-2.0",
      "dependencies": {
        "@huggingface/transformers": "4.2.0"
      },
      "devDependencies": {
        "@arcjet/analyze": "1.9.1",
        "@types/node": "22.20.1",
        "arcjet": "1.9.1",
        "tsdown": "0.22.7",
        "typescript": "7.0.2"
      },
      "engines": {
        "node": ">=22.21.0 <23 || >=24.5.0"
      },
      "peerDependencies": {
        "@arcjet/analyze": "1.9.1",
        "arcjet": "1.9.1"
      },
      "peerDependenciesMeta": {
        "@arcjet/analyze": {
          "optional": true
        },
        "arcjet": {
          "optional": true
        }
      }
    },
    "node_modules/@arcjet/guard": {
      "resolved": "../../arcjet-guard",
      "link": true
    },
    "node_modules/@arcjet/sensitive-info-rampart": {
      "resolved": "../../sensitive-info-rampart",
      "link": true
    },
    "node_modules/@types/node": {
      "version": "24.13.3",
      "resolved": "https://registry.npmjs.org/@types/node/-/node-24.13.3.tgz",
      "integrity": "sha512-Dh8vAsV36ig5wa9OX4pXvMc9D3Veibfw2wix0CUwYODLD8nkj9UsLjASr49nPg+2eKzxhBV+v7L8pXvT4e639Q==",
      "dev": true,
      "license": "MIT",
      "dependencies": {
        "undici-types": "~7.18.0"
      }
    },
    "node_modules/typescript": {
      "version": "5.9.3",
      "resolved": "https://registry.npmjs.org/typescript/-/typescript-5.9.3.tgz",
      "integrity": "sha512-jl1vZzPDinLr9eUt3J/t7V6FgNEw9QjvBPdysz9KfQDD41fQrC2Y4vKQdiaUpFT4bXlb1RHhLpp8wtm6M5TgSw==",
      "dev": true,
      "license": "Apache-2.0",
      "bin": {
        "tsc": "bin/tsc",
        "tsserver": "bin/tsserver"
      },
      "engines": {
        "node": ">=14.17"
      }
    },
    "node_modules/undici-types": {
      "version": "7.18.2",
      "resolved": "https://registry.npmjs.org/undici-types/-/undici-types-7.18.2.tgz",
      "integrity": "sha512-AsuCzffGHJybSaRrmr5eHr81mwJU3kjw6M+uprWvCXiNeN9SOGwQ3Jn8jb8m3Z6izVgknn1R0FTCEAP2QrLY/w==",
      "dev": true,
      "license": "MIT"
    }
  }
}
