{
  "name": "example-node-guard-policy",
  "version": "0.1.0",
  "lockfileVersion": 3,
  "requires": true,
  "packages": {
    "": {
      "name": "example-node-guard-policy",
      "version": "0.1.0",
      "dependencies": {
        "@ai-sdk/provider-utils": "5.0.12",
        "@arcjet/guard": "file:../../arcjet-guard",
        "@arcjet/sensitive-info-rampart": "file:../../sensitive-info-rampart",
        "ai": "7.0.36",
        "zod": "^4.4.3"
      },
      "devDependencies": {
        "@types/node": "^24.10.9",
        "typescript": "^5"
      }
    },
    "../../arcjet-guard": {
      "name": "@arcjet/guard",
      "version": "1.9.1",
      "license": "Apache-2.0",
      "dependencies": {
        "@arcjet/analyze": "1.9.1",
        "@arcjet/logger": "1.9.1",
        "@bufbuild/protobuf": "2.12.1",
        "@connectrpc/connect": "2.1.2",
        "@connectrpc/connect-node": "2.1.2",
        "@connectrpc/connect-web": "2.1.2"
      },
      "devDependencies": {
        "@ai-sdk/provider-utils": "5.0.12",
        "@types/node": "22.20.1",
        "ai": "7.0.36",
        "miniflare": "4.20260708.1",
        "oxlint-tsgolint": "0.24.0",
        "tsdown": "0.22.7",
        "typescript": "7.0.2"
      },
      "engines": {
        "node": ">=22.21.0 <23 || >=24.5.0"
      },
      "peerDependencies": {
        "@ai-sdk/provider-utils": ">=5 <6",
        "ai": ">=7 <8"
      },
      "peerDependenciesMeta": {
        "@ai-sdk/provider-utils": {
          "optional": true
        },
        "ai": {
          "optional": true
        }
      }
    },
    "../../sensitive-info-rampart": {
      "name": "@arcjet/sensitive-info-rampart",
      "version": "1.9.1",
      "license": "Apache-2.0",
      "dependencies": {
        "@huggingface/transformers": "4.2.0"
      },
      "devDependencies": {
        "@arcjet/analyze": "1.9.1",
        "@types/node": "22.20.1",
        "arcjet": "1.9.1",
        "tsdown": "0.22.7",
        "typescript": "7.0.2"
      },
      "engines": {
        "node": ">=22.21.0 <23 || >=24.5.0"
      },
      "peerDependencies": {
        "@arcjet/analyze": "1.9.1",
        "arcjet": "1.9.1"
      },
      "peerDependenciesMeta": {
        "@arcjet/analyze": {
          "optional": true
        },
        "arcjet": {
          "optional": true
        }
      }
    },
    "node_modules/@ai-sdk/gateway": {
      "version": "4.0.27",
      "resolved": "https://registry.npmjs.org/@ai-sdk/gateway/-/gateway-4.0.27.tgz",
      "integrity": "sha512-gqTMvV0N8/JirIZ3OzwjSZRYxzwZu/PeOFCKb8NB9fstWH39tI+L6CkeMNVou5/HCKEYAw6RCOHW59Vhquv8vA==",
      "license": "Apache-2.0",
      "dependencies": {
        "@ai-sdk/provider": "4.0.3",
        "@ai-sdk/provider-utils": "5.0.12",
        "@vercel/oidc": "3.2.0"
      },
      "engines": {
        "node": ">=22"
      },
      "peerDependencies": {
        "zod": "^3.25.76 || ^4.1.8"
      }
    },
    "node_modules/@ai-sdk/provider": {
      "version": "4.0.3",
      "resolved": "https://registry.npmjs.org/@ai-sdk/provider/-/provider-4.0.3.tgz",
      "integrity": "sha512-e0CpNWJUY7OxAFAnCZkw+ri9QOHWwTs1tXP42782KFGCU07qt8NiXCrCVowyCB5dP2r5/Uls+g2oPd8kOJn9dw==",
      "license": "Apache-2.0",
      "dependencies": {
        "json-schema": "^0.4.0"
      },
      "engines": {
        "node": ">=22"
      }
    },
    "node_modules/@ai-sdk/provider-utils": {
      "version": "5.0.12",
      "resolved": "https://registry.npmjs.org/@ai-sdk/provider-utils/-/provider-utils-5.0.12.tgz",
      "integrity": "sha512-bbhlOgHeYwrIGheLkM6fhS8hVger8uFPmcOLg+kxc9EFh7y30XYorWhthlYAgpadO3SJhFZrIcEknN7qEqEVvA==",
      "license": "Apache-2.0",
      "dependencies": {
        "@ai-sdk/provider": "4.0.3",
        "@standard-schema/spec": "^1.1.0",
        "@workflow/serde": "4.1.0",
        "eventsource-parser": "^3.0.8"
      },
      "engines": {
        "node": ">=22"
      },
      "peerDependencies": {
        "zod": "^3.25.76 || ^4.1.8"
      }
    },
    "node_modules/@arcjet/guard": {
      "resolved": "../../arcjet-guard",
      "link": true
    },
    "node_modules/@arcjet/sensitive-info-rampart": {
      "resolved": "../../sensitive-info-rampart",
      "link": true
    },
    "node_modules/@standard-schema/spec": {
      "version": "1.1.0",
      "resolved": "https://registry.npmjs.org/@standard-schema/spec/-/spec-1.1.0.tgz",
      "integrity": "sha512-l2aFy5jALhniG5HgqrD6jXLi/rUWrKvqN/qJx6yoJsgKhblVd+iqqU4RCXavm/jPityDo5TCvKMnpjKnOriy0w==",
      "license": "MIT"
    },
    "node_modules/@types/node": {
      "version": "24.13.3",
      "resolved": "https://registry.npmjs.org/@types/node/-/node-24.13.3.tgz",
      "integrity": "sha512-Dh8vAsV36ig5wa9OX4pXvMc9D3Veibfw2wix0CUwYODLD8nkj9UsLjASr49nPg+2eKzxhBV+v7L8pXvT4e639Q==",
      "dev": true,
      "license": "MIT",
      "dependencies": {
        "undici-types": "~7.18.0"
      }
    },
    "node_modules/@vercel/oidc": {
      "version": "3.2.0",
      "resolved": "https://registry.npmjs.org/@vercel/oidc/-/oidc-3.2.0.tgz",
      "integrity": "sha512-UycprH3T6n3jH0k44NHMa7pnFHGu/N05MjojYr+Mc6I7obkoLIJujSWwin1pCvdy/eOxrI/l3uDLQsmcrOb4ug==",
      "license": "Apache-2.0",
      "engines": {
        "node": ">= 20"
      }
    },
    "node_modules/@workflow/serde": {
      "version": "4.1.0",
      "resolved": "https://registry.npmjs.org/@workflow/serde/-/serde-4.1.0.tgz",
      "integrity": "sha512-pav4F2BoirECWR7Nf1TKt+2eETcBj7jj4cBefQ8VXQCA6NPkaKeLfj/zMgi+3zYV5ZIBT4GuUiphsj0/b9hPQQ==",
      "license": "Apache-2.0"
    },
    "node_modules/ai": {
      "version": "7.0.36",
      "resolved": "https://registry.npmjs.org/ai/-/ai-7.0.36.tgz",
      "integrity": "sha512-1XJjua58GVQ0CyO2Xbioyladt85x71Joup2U8qKrjHUl8tHYwrDw8iFRtav6e94AxSVCn9FVgTS17oX1OCquKA==",
      "license": "Apache-2.0",
      "dependencies": {
        "@ai-sdk/gateway": "4.0.27",
        "@ai-sdk/provider": "4.0.3",
        "@ai-sdk/provider-utils": "5.0.12"
      },
      "engines": {
        "node": ">=22"
      },
      "peerDependencies": {
        "zod": "^3.25.76 || ^4.1.8"
      }
    },
    "node_modules/eventsource-parser": {
      "version": "3.1.0",
      "resolved": "https://registry.npmjs.org/eventsource-parser/-/eventsource-parser-3.1.0.tgz",
      "integrity": "sha512-kJezFj9YFAMLeORyi7aCLxLbD5/qWMQnoMVlVPyHIll7lgRJCc3JVln9Vgl9nwQi0YkMnhdGTMNn7CkRRAptMg==",
      "license": "MIT",
      "engines": {
        "node": ">=18.0.0"
      }
    },
    "node_modules/json-schema": {
      "version": "0.4.0",
      "resolved": "https://registry.npmjs.org/json-schema/-/json-schema-0.4.0.tgz",
      "integrity": "sha512-es94M3nTIfsEPisRafak+HDLfHXnKBhV3vU5eqPcS3flIWqcxJWgXHXiey3YrpaNsanY5ei1VoYEbOzijuq9BA==",
      "license": "(AFL-2.1 OR BSD-3-Clause)"
    },
    "node_modules/typescript": {
      "version": "5.9.3",
      "resolved": "https://registry.npmjs.org/typescript/-/typescript-5.9.3.tgz",
      "integrity": "sha512-jl1vZzPDinLr9eUt3J/t7V6FgNEw9QjvBPdysz9KfQDD41fQrC2Y4vKQdiaUpFT4bXlb1RHhLpp8wtm6M5TgSw==",
      "dev": true,
      "license": "Apache-2.0",
      "bin": {
        "tsc": "bin/tsc",
        "tsserver": "bin/tsserver"
      },
      "engines": {
        "node": ">=14.17"
      }
    },
    "node_modules/undici-types": {
      "version": "7.18.2",
      "resolved": "https://registry.npmjs.org/undici-types/-/undici-types-7.18.2.tgz",
      "integrity": "sha512-AsuCzffGHJybSaRrmr5eHr81mwJU3kjw6M+uprWvCXiNeN9SOGwQ3Jn8jb8m3Z6izVgknn1R0FTCEAP2QrLY/w==",
      "dev": true,
      "license": "MIT"
    },
    "node_modules/zod": {
      "version": "4.4.3",
      "resolved": "https://registry.npmjs.org/zod/-/zod-4.4.3.tgz",
      "integrity": "sha512-ytENFjIJFl2UwYglde2jchW2Hwm4GJFLDiSXWdTrJQBIN9Fcyp7n4DhxJEiWNAJMV1/BqWfW/kkg71UDcHJyTQ==",
      "license": "MIT",
      "funding": {
        "url": "https://github.com/sponsors/colinhacks"
      }
    }
  }
}
